
Microsoft Visual Studio Solution File, Format Version 12.00
# Visual Studio 2013
VisualStudioVersion = 12.0.0.0
MinimumVisualStudioVersion = 10.0.0.1
Project("{FAE04EC0-301F-11D3-BF4B-00C04F79EFBC}") = "GildedRose", "GildedRose/GildedRose.csproj", "{64E38F75-FCA0-4C51-AC8A-1A62C91105A5}"
EndProject
Project("{2150E333-8FDC-42A3-9474-1A3956D46DE8}") = "Tests", "Tests", "{EABC4F27-843A-4481-BBAA-2A636240CB35}"
EndProject
Project("{AD0B0729-2685-44AB-8D84-16D369F0F7C6}") = "GildedRose.Tests.Unit", "Tests\GildedRose.Tests.Unit\GildedRose.Tests.Unit.csproj", "{1D686BCF-3673-46DD-A261-C01FDE42A716}"
EndProject
Global
	GlobalSection(SolutionConfigurationPlatforms) = preSolution
		Debug|Any CPU = Debug|Any CPU
		Release|Any CPU = Release|Any CPU
	EndGlobalSection
	GlobalSection(ProjectConfigurationPlatforms) = postSolution
		{64E38F75-FCA0-4C51-AC8A-1A62C91105A5}.Debug|Any CPU.ActiveCfg = Debug|Any CPU
		{64E38F75-FCA0-4C51-AC8A-1A62C91105A5}.Debug|Any CPU.Build.0 = Debug|Any CPU
		{64E38F75-FCA0-4C51-AC8A-1A62C91105A5}.Release|Any CPU.ActiveCfg = Release|Any CPU
		{64E38F75-FCA0-4C51-AC8A-1A62C91105A5}.Release|Any CPU.Build.0 = Release|Any CPU
		{1D686BCF-3673-46DD-A261-C01FDE42A716}.Debug|Any CPU.ActiveCfg = Debug|Any CPU
		{1D686BCF-3673-46DD-A261-C01FDE42A716}.Debug|Any CPU.Build.0 = Debug|Any CPU
		{1D686BCF-3673-46DD-A261-C01FDE42A716}.Release|Any CPU.ActiveCfg = Release|Any CPU
		{1D686BCF-3673-46DD-A261-C01FDE42A716}.Release|Any CPU.Build.0 = Release|Any CPU
	EndGlobalSection
	GlobalSection(SolutionProperties) = preSolution
		HideSolutionNode = FALSE
	EndGlobalSection
	GlobalSection(NestedProjects) = preSolution
		{1D686BCF-3673-46DD-A261-C01FDE42A716} = {EABC4F27-843A-4481-BBAA-2A636240CB35}
	EndGlobalSection
EndGlobal
